
Microsoft Visual Studio Solution File, Format Version 12.00
# Visual Studio Version 16
VisualStudioVersion = 16.0.30717.126
MinimumVisualStudioVersion = 10.0.40219.1
Project("{FAE04EC0-301F-11D3-BF4B-00C04F79EFBC}") = "Scribble.Server", "Scribble\Server\Scribble.Server.csproj", "{D224EC38-B80F-4318-A003-4B1E3D32746D}"
EndProject
Project("{FAE04EC0-301F-11D3-BF4B-00C04F79EFBC}") = "Scribble.Client", "Scribble\Client\Scribble.Client.csproj", "{92157D70-9686-4C87-BB39-93B1E51B4975}"
EndProject
Project("{FAE04EC0-301F-11D3-BF4B-00C04F79EFBC}") = "Scribble.Shared", "Scribble\Shared\Scribble.Shared.csproj", "{8003648B-333D-4420-AFDB-2A0A44A239B9}"
EndProject
Global
	GlobalSection(SolutionConfigurationPlatforms) = preSolution
		Debug|Any CPU = Debug|Any CPU
		Release|Any CPU = Release|Any CPU
	EndGlobalSection
	GlobalSection(ProjectConfigurationPlatforms) = postSolution
		{D224EC38-B80F-4318-A003-4B1E3D32746D}.Debug|Any CPU.ActiveCfg = Debug|Any CPU
		{D224EC38-B80F-4318-A003-4B1E3D32746D}.Debug|Any CPU.Build.0 = Debug|Any CPU
		{D224EC38-B80F-4318-A003-4B1E3D32746D}.Release|Any CPU.ActiveCfg = Release|Any CPU
		{D224EC38-B80F-4318-A003-4B1E3D32746D}.Release|Any CPU.Build.0 = Release|Any CPU
		{92157D70-9686-4C87-BB39-93B1E51B4975}.Debug|Any CPU.ActiveCfg = Debug|Any CPU
		{92157D70-9686-4C87-BB39-93B1E51B4975}.Debug|Any CPU.Build.0 = Debug|Any CPU
		{92157D70-9686-4C87-BB39-93B1E51B4975}.Release|Any CPU.ActiveCfg = Release|Any CPU
		{92157D70-9686-4C87-BB39-93B1E51B4975}.Release|Any CPU.Build.0 = Release|Any CPU
		{8003648B-333D-4420-AFDB-2A0A44A239B9}.Debug|Any CPU.ActiveCfg = Debug|Any CPU
		{8003648B-333D-4420-AFDB-2A0A44A239B9}.Debug|Any CPU.Build.0 = Debug|Any CPU
		{8003648B-333D-4420-AFDB-2A0A44A239B9}.Release|Any CPU.ActiveCfg = Release|Any CPU
		{8003648B-333D-4420-AFDB-2A0A44A239B9}.Release|Any CPU.Build.0 = Release|Any CPU
	EndGlobalSection
	GlobalSection(SolutionProperties) = preSolution
		HideSolutionNode = FALSE
	EndGlobalSection
	GlobalSection(ExtensibilityGlobals) = postSolution
		SolutionGuid = {AA15A798-5631-4051-A196-9E2C6FD87AFE}
	EndGlobalSection
EndGlobal
